<Solution>
  <Configurations>
    <Platform Name="x64" />
  </Configurations>
  <Folder Name="/GitHub Actions/">
    <File Path=".github/workflows/build.yml" />
  </Folder>
  <Folder Name="/Package Versions/">
    <File Path="Directory.Packages.props" />
    <File Path="NuGet.config" />
  </Folder>
  <Project Path="CringeBootstrap.Abstractions/CringeBootstrap.Abstractions.csproj" />
  <Project Path="CringeBootstrap/CringeBootstrap.csproj">
    <BuildDependency Project="TestPlugin/TestPlugin.csproj" />
  </Project>
  <Project Path="CringeLauncher/CringeLauncher.csproj" />
  <Project Path="CringePlugins.MSBuild/CringePlugins.MSBuild.csproj" />
  <Project Path="CringePlugins.Templates/CringePlugins.Templates.csproj" />
  <Project Path="CringePlugins/CringePlugins.csproj" />
  <Project Path="NuGet/NuGet.csproj" />
  <Project Path="SharedCringe/SharedCringe.csproj" />
  <Project Path="TestPlugin/TestPlugin.csproj" />
</Solution>