<Solution>
  <Configurations>
    <BuildType Name="Debug" />
    <BuildType Name="Release" />
    <Platform Name="x64" />
  </Configurations>
  <Project Path="CringeBootstrap.Abstractions/CringeBootstrap.Abstractions.csproj" />
  <Project Path="CringeBootstrap/CringeBootstrap.csproj">
    <BuildDependency Project="TestPlugin/TestPlugin.csproj" />
  </Project>
  <Project Path="CringeLauncher/CringeLauncher.csproj" />
  <Project Path="CringePlugins.MSBuild/CringePlugins.MSBuild.csproj" />
  <Project Path="CringePlugins.Templates/CringePlugins.Templates.csproj" />
  <Project Path="CringePlugins/CringePlugins.csproj" />
  <Project Path="NuGet/NuGet.csproj" />
  <Project Path="SharedCringe/SharedCringe.csproj" />
  <Project Path="TestPlugin/TestPlugin.csproj" />
</Solution>