{
  "version": 2,
  "dependencies": {
    "net10.0": {
      "NLog": {
        "type": "Direct",
        "requested": "[6.1.0, )",
        "resolved": "6.1.0",
        "contentHash": "K4UdxS4fuJeCM0sm+JTXWoJgOtcXX7X5kvE94bR07UB8JOB6A2+ski7q1tf2qdv+N0H3gsoWtteScJCHa3+zpw=="
      },
      "NuGet.Frameworks": {
        "type": "Direct",
        "requested": "[7.0.1, )",
        "resolved": "7.0.1",
        "contentHash": "dUDwg8VYTyT+ZbLdC7hUUHFF530HeRl4jcxclKJY0o96f3nv0eZvojXwjRkq2HKzuyRCcVD4T24aEF83CUmBzA=="
      },
      "NuGet.Versioning": {
        "type": "Direct",
        "requested": "[7.0.1, )",
        "resolved": "7.0.1",
        "contentHash": "tu68LnZqiLM/VyLQzPRqedopMi/M+5/6JqwB2Xkd0AWXRpUWewkVv77asVB7wgjMPVzQFK2sBy7AuxV49UzuvQ=="
      },
      "System.Linq.Async": {
        "type": "Direct",
        "requested": "[7.0.0, )",
        "resolved": "7.0.0",
        "contentHash": "A2Wci92Oyuodi8YLMQCJJ0vHqzgRFgEUG1K6tQNcoxHd3w05B1LvGzXvxQnGYPIL4Cr4hicHytpk2F2Jx8TZHg==",
        "dependencies": {
          "System.Interactive.Async": "7.0.0"
        }
      },
      "System.Interactive.Async": {
        "type": "Transitive",
        "resolved": "7.0.0",
        "contentHash": "Ckj+tg2BVOZ0oLp7FAbjfvRyA/BMkUhVxROLd+x22zncRR6KD7CdFzAYp+9Mo2cedxAMo2X9ZNyhZu68jdDITw=="
      }
    },
    "net10.0/linux-x64": {},
    "net10.0/win-x64": {}
  }
}