{
  "version": 1,
  "dependencies": {
    "net9.0-windows10.0.19041": {
      "Basic.Reference.Assemblies.Net90": {
        "type": "Direct",
        "requested": "[1.8.0, )",
        "resolved": "1.8.0",
        "contentHash": "xC9ZVnkVHnkQafDPOrOnWWObi3iiVYCnUFECTnhV4QXmxOBdxfH3hakgpaeP+Y1wEU9/uaepLTyjSTqtSnUDzQ==",
        "dependencies": {
          "Microsoft.CodeAnalysis.Common": "4.11.0"
        }
      },
      "dnlib": {
        "type": "Direct",
        "requested": "[4.4.0, )",
        "resolved": "4.4.0",
        "contentHash": "cKHI720q+zfEEvzklWVGt6B0TH3AibAyJbpUJl4U6KvTP13tycfnqJpkGHRZ/oQ45BTIoIxIwltHIJVDN+iCqQ=="
      },
      "EOSSDK": {
        "type": "Direct",
        "requested": "[1.0.2, )",
        "resolved": "1.0.2",
        "contentHash": "zk6YQMJe1gtnHcuSK8ETopJiJ+pnfdxJZ+eEIPov/T+nUhaoOgioLFvIkARt1g5yfOnQBjRrzT4iMJcQmNQF/Q==",
        "dependencies": {
          "CringePlugins": "0.1.74"
        }
      },
      "Krafs.Publicizer": {
        "type": "Direct",
        "requested": "[2.3.0, )",
        "resolved": "2.3.0",
        "contentHash": "DjktTgctwxUMhMkWKrRECer3LR1lHzanCOlE4mpinAiY8SfWJq4DG/QitP5h1A+WBjyWHzQSOG+204i3VpO1FA=="
      },
      "Microsoft.CodeAnalysis.CSharp": {
        "type": "Direct",
        "requested": "[4.13.0, )",
        "resolved": "4.13.0",
        "contentHash": "BsH7Vijbj9IL7Fj4k/ysZSVyLGFqr75wmdFGwCKWJvSjnA1xwPaQ3hkB2BQdHOt5CpEYA6Q0I6Oo5sDTDHqHsg==",
        "dependencies": {
          "Microsoft.CodeAnalysis.Analyzers": "3.11.0",
          "Microsoft.CodeAnalysis.Common": "[4.13.0]"
        }
      },
      "Microsoft.Extensions.DependencyInjection": {
        "type": "Direct",
        "requested": "[9.0.5, )",
        "resolved": "9.0.5",
        "contentHash": "N1Mn0T/tUBPoLL+Fzsp+VCEtneUhhxc1//Dx3BeuQ8AX+XrMlYCfnp2zgpEXnTCB7053CLdiqVWPZ7mEX6MPjg==",
        "dependencies": {
          "Microsoft.Extensions.DependencyInjection.Abstractions": "9.0.5"
        }
      },
      "Microsoft.Extensions.Http.Polly": {
        "type": "Direct",
        "requested": "[9.0.5, )",
        "resolved": "9.0.5",
        "contentHash": "VCFPTik1LjPuUiS3vHy65UUzffm7MKGG6tBTFOrDklGDT36BsB9srrW+otYVT7nw6a/NbE8SM4kKsPzuRWxLRA==",
        "dependencies": {
          "Microsoft.Extensions.Http": "9.0.5",
          "Polly": "7.2.4",
          "Polly.Extensions.Http": "3.0.0"
        }
      },
      "Microsoft.Windows.CsWin32": {
        "type": "Direct",
        "requested": "[0.3.183, )",
        "resolved": "0.3.183",
        "contentHash": "Ze3aE2y7xgzKxEWtNb4SH0CExXpCHr3sbmwnvMiWMzJhWDX/G4Rs5wgg2UNs3VN+qVHh/DkDWLCPaVQv/b//Nw==",
        "dependencies": {
          "Microsoft.Windows.SDK.Win32Docs": "0.1.42-alpha",
          "Microsoft.Windows.SDK.Win32Metadata": "61.0.15-preview",
          "Microsoft.Windows.WDK.Win32Metadata": "0.12.8-experimental"
        }
      },
      "NLog": {
        "type": "Direct",
        "requested": "[5.4.0, )",
        "resolved": "5.4.0",
        "contentHash": "LwMcGSW3soF3/SL68rlJN3Eh3ktrAPycC3zZR/07OYBPraZUu0bygEC7kIN10lUQgMXT4s84Fi1chglGdGrQEg=="
      },
      "SpaceEngineersDedicated.ReferenceAssemblies": {
        "type": "Direct",
        "requested": "[1.*, )",
        "resolved": "1.206.32",
        "contentHash": "uFhkUUxmumct/turcfMeM2f+jJHxuiB6jAE4JMGa/AOFKCsWIr+ZWTX9hW2muEoJpUNKrzCbGrxH8ssaJUZpig==",
        "dependencies": {
          "SharpDX": "4.2.0-keen-cringe",
          "protobuf-net": "1.0.0"
        }
      },
      "System.Diagnostics.PerformanceCounter": {
        "type": "Direct",
        "requested": "[9.0.4, )",
        "resolved": "9.0.4",
        "contentHash": "dPtvbm/WuXQHFHzi/lC0bO+AJAEx5m/Gdk9A0JSXjAD/AQtXKCEOInP9VhADovaf595pjCGV0jqRFzkqDUzrqw==",
        "dependencies": {
          "System.Configuration.ConfigurationManager": "9.0.4"
        }
      },
      "System.Management": {
        "type": "Direct",
        "requested": "[9.0.4, )",
        "resolved": "9.0.4",
        "contentHash": "MfY9+SrkSvchAoFiChTkhQYCAjBaQQ9u3LwiKmho7oTbujucnxCzORlPgLhId/ChLSptsQ/1UmtPGLZaKYVdsA==",
        "dependencies": {
          "System.CodeDom": "9.0.4"
        }
      },
      "System.Private.ServiceModel": {
        "type": "Direct",
        "requested": "[4.10.3, )",
        "resolved": "4.10.3",
        "contentHash": "BcUV7OERlLqGxDXZuIyIMMmk1PbqBblLRbAoigmzIUx/M8A+8epvyPyXRpbgoucKH7QmfYdQIev04Phx2Co08A==",
        "dependencies": {
          "Microsoft.Bcl.AsyncInterfaces": "5.0.0",
          "Microsoft.Extensions.ObjectPool": "5.0.10"
        }
      },
      "Torch.SixLabors.ImageSharp": {
        "type": "Direct",
        "requested": "[1.0.0-beta6, )",
        "resolved": "1.0.0-beta6",
        "contentHash": "WJ7ocT79HgmuKi0+ltpvXTiMI80UcI3DeS8XSfYwJtTB1tcQws6zLPGuUwra6qe6qRrFfpABeDP3xvHV1rJgfg==",
        "dependencies": {
          "SixLabors.Core": "1.0.0-beta0007"
        }
      },
      "Velopack": {
        "type": "Direct",
        "requested": "[0.0.942, )",
        "resolved": "0.0.942",
        "contentHash": "reyKfQK/d4WeFHjd9gi1tsWFh9X5JGGQ+PkvKFd9jKx5HocrFYF0bj1K8PgIk2GZezoadapFT36Fvv8/gCD5rA==",
        "dependencies": {
          "Microsoft.Extensions.Logging.Abstractions": "8.0.0",
          "NuGet.Versioning": "6.12.1"
        }
      },
      "Humanizer.Core": {
        "type": "Transitive",
        "resolved": "2.14.1",
        "contentHash": "lQKvtaTDOXnoVJ20ibTuSIOf2i0uO0MPbDhd1jm238I+U/2ZnRENj0cktKZhtchBMtCUSRQ5v4xBCUbKNmyVMw=="
      },
      "ImGui.NET.DirectX": {
        "type": "Transitive",
        "resolved": "1.91.0.1",
        "contentHash": "PpW1gQ9g97h6Hm/h/tkSBOmsBYgGwN8wKNmlJomcQFD/zRY1HPkJZz18XRSfRLHPmH2eeh4hhhZv1KHug7dF9g=="
      },
      "Json.More.Net": {
        "type": "Transitive",
        "resolved": "2.1.1",
        "contentHash": "ZXAKl2VsdnIZeUo1PFII3Oi1m1L4YQjEyDjygHfHln5vgsjgIo749X6xWkv7qFYp8RROES+vOEfDcvvoVgs8kA=="
      },
      "JsonPointer.Net": {
        "type": "Transitive",
        "resolved": "5.3.1",
        "contentHash": "3e2OJjU0OaE26XC/klgxbJuXvteFWTDJIJv0ITYWcJEoskq7jzUwPSC1s0iz4wPPQnfN7vwwFmg2gJfwRAPwgw==",
        "dependencies": {
          "Humanizer.Core": "2.14.1",
          "Json.More.Net": "2.1.1"
        }
      },
      "JsonSchema.Net": {
        "type": "Transitive",
        "resolved": "7.3.4",
        "contentHash": "7GggWrdzKrtGWETRn3dcMnmuLSyWaDkBK94TK80LEHQEVz4bmsQc7FYO7qL40RDdZU2YPz5d98aT9lW5OYExuA==",
        "dependencies": {
          "JsonPointer.Net": "5.3.1"
        }
      },
      "JsonSchema.Net.Generation": {
        "type": "Transitive",
        "resolved": "5.0.2",
        "contentHash": "+khIPgLqOyFOWjgHSzXMjJijwbQb85/cFRf4NwTaV6QBoGM9IT8LeLCnmwazruwKsx16HB1UFX3mslUujfjVpg==",
        "dependencies": {
          "Humanizer.Core": "2.14.1",
          "JsonSchema.Net": "7.3.4"
        }
      },
      "Lib.Harmony.Thin": {
        "type": "Transitive",
        "resolved": "2.3.4-torch",
        "contentHash": "UnLUnLLiXfHZdKa1zhi6w8cl8tJTrpVixLtvjFEVtlDA6Rkf06OcZ2gSidcbcgKjTcR+fk5Qsdos3mU5oohzfg==",
        "dependencies": {
          "MonoMod.Core": "1.2.2"
        }
      },
      "Microsoft.Bcl.AsyncInterfaces": {
        "type": "Transitive",
        "resolved": "6.0.0",
        "contentHash": "UcSjPsst+DfAdJGVDsu346FX0ci0ah+lw3WRtn18NUwEqRt70HaOQ7lI72vy3+1LxtqI3T5GWwV39rQSrCzAeg=="
      },
      "Microsoft.CodeAnalysis.Analyzers": {
        "type": "Transitive",
        "resolved": "3.11.0",
        "contentHash": "v/EW3UE8/lbEYHoC2Qq7AR/DnmvpgdtAMndfQNmpuIMx/Mto8L5JnuCfdBYtgvalQOtfNCnxFejxuRrryvUTsg=="
      },
      "Microsoft.CodeAnalysis.Common": {
        "type": "Transitive",
        "resolved": "4.13.0",
        "contentHash": "T8nRl4mAUY4mhdYM4U2ra2vP2EL+ol8Yqwo0gwC/V55vmlXq9NxdIkZJynTpTL1uX/jHijJ90AeOEx4lf7OwzQ==",
        "dependencies": {
          "Microsoft.CodeAnalysis.Analyzers": "3.11.0"
        }
      },
      "Microsoft.Extensions.Configuration": {
        "type": "Transitive",
        "resolved": "9.0.5",
        "contentHash": "uYXLg2Gt8KUH5nT3u+TBpg9VrRcN5+2zPmIjqEHR4kOoBwsbtMDncEJw9HiLvZqGgIo2TR4oraibAoy5hXn2bQ==",
        "dependencies": {
          "Microsoft.Extensions.Configuration.Abstractions": "9.0.5",
          "Microsoft.Extensions.Primitives": "9.0.5"
        }
      },
      "Microsoft.Extensions.Configuration.Abstractions": {
        "type": "Transitive",
        "resolved": "9.0.5",
        "contentHash": "ew0G6gIznnyAkbIa67wXspkDFcVektjN3xaDAfBDIPbWph+rbuGaaohFxUSGw28ht7wdcWtTtElKnzfkcDDbOQ==",
        "dependencies": {
          "Microsoft.Extensions.Primitives": "9.0.5"
        }
      },
      "Microsoft.Extensions.Configuration.Binder": {
        "type": "Transitive",
        "resolved": "9.0.5",
        "contentHash": "7pQ4Tkyofm8DFWFhqn9ZmG8qSAC2VitWleATj5qob9V9KtoxCVdwRtmiVl/ha3WAgjkEfW++JLWXox9MJwMgkg==",
        "dependencies": {
          "Microsoft.Extensions.Configuration.Abstractions": "9.0.5"
        }
      },
      "Microsoft.Extensions.DependencyInjection.Abstractions": {
        "type": "Transitive",
        "resolved": "9.0.5",
        "contentHash": "cjnRtsEAzU73aN6W7vkWy8Phj5t3Xm78HSqgrbh/O4Q9SK/yN73wZVa21QQY6amSLQRQ/M8N+koGnY6PuvKQsw=="
      },
      "Microsoft.Extensions.Diagnostics": {
        "type": "Transitive",
        "resolved": "9.0.5",
        "contentHash": "fRiUjmhm9e4vMp6WEO9MgWNxVtWSr4Pcgh1W4DyJIr8bRANlZz9JU7uicf7ShzMspDxo/9Ejo9zJ6qQZY0IhVw==",
        "dependencies": {
          "Microsoft.Extensions.Configuration": "9.0.5",
          "Microsoft.Extensions.Diagnostics.Abstractions": "9.0.5",
          "Microsoft.Extensions.Options.ConfigurationExtensions": "9.0.5"
        }
      },
      "Microsoft.Extensions.Diagnostics.Abstractions": {
        "type": "Transitive",
        "resolved": "9.0.5",
        "contentHash": "6YfTcULCYREMTqtk+s3UiszsFV2xN2FXtxdQpurmQJY9Cp/QGiM4MTKfJKUo7AzdLuzjOKKMWjQITmvtK7AsUg==",
        "dependencies": {
          "Microsoft.Extensions.DependencyInjection.Abstractions": "9.0.5",
          "Microsoft.Extensions.Options": "9.0.5"
        }
      },
      "Microsoft.Extensions.Http": {
        "type": "Transitive",
        "resolved": "9.0.5",
        "contentHash": "6vbo3XjyEc+w/kv/Dkfv9NA7iSdIdX5dlU9Shk3wJJ0fiZpCVzVW5FJtNoIePX5hS0ENNpHPClq/qtq06yM4FQ==",
        "dependencies": {
          "Microsoft.Extensions.Configuration.Abstractions": "9.0.5",
          "Microsoft.Extensions.DependencyInjection.Abstractions": "9.0.5",
          "Microsoft.Extensions.Diagnostics": "9.0.5",
          "Microsoft.Extensions.Logging": "9.0.5",
          "Microsoft.Extensions.Logging.Abstractions": "9.0.5",
          "Microsoft.Extensions.Options": "9.0.5"
        }
      },
      "Microsoft.Extensions.Logging": {
        "type": "Transitive",
        "resolved": "9.0.5",
        "contentHash": "rQU61lrgvpE/UgcAd4E56HPxUIkX/VUQCxWmwDTLLVeuwRDYTL0q/FLGfAW17cGTKyCh7ywYAEnY3sTEvURsfg==",
        "dependencies": {
          "Microsoft.Extensions.DependencyInjection": "9.0.5",
          "Microsoft.Extensions.Logging.Abstractions": "9.0.5",
          "Microsoft.Extensions.Options": "9.0.5"
        }
      },
      "Microsoft.Extensions.Logging.Abstractions": {
        "type": "Transitive",
        "resolved": "9.0.5",
        "contentHash": "pP1PADCrIxMYJXxFmTVbAgEU7GVpjK5i0/tyfU9DiE0oXQy3JWQaOVgCkrCiePLgS8b5sghM3Fau3EeHiVWbCg==",
        "dependencies": {
          "Microsoft.Extensions.DependencyInjection.Abstractions": "9.0.5"
        }
      },
      "Microsoft.Extensions.ObjectPool": {
        "type": "Transitive",
        "resolved": "5.0.10",
        "contentHash": "pp9tbGqIhdEXL6Q1yJl+zevAJSq4BsxqhS1GXzBvEsEz9DDNu9GLNzgUy2xyFc4YjB4m4Ff2YEWTnvQvVYdkvQ=="
      },
      "Microsoft.Extensions.Options": {
        "type": "Transitive",
        "resolved": "9.0.5",
        "contentHash": "vPdJQU8YLOUSSK8NL0RmwcXJr2E0w8xH559PGQl4JYsglgilZr9LZnqV2zdgk+XR05+kuvhBEZKoDVd46o7NqA==",
        "dependencies": {
          "Microsoft.Extensions.DependencyInjection.Abstractions": "9.0.5",
          "Microsoft.Extensions.Primitives": "9.0.5"
        }
      },
      "Microsoft.Extensions.Options.ConfigurationExtensions": {
        "type": "Transitive",
        "resolved": "9.0.5",
        "contentHash": "CJbAVdovKPFh2FoKxesu20odRVSbL/vtvzzObnG+5u38sOfzRS2Ncy25id0TjYUGQzMhNnJUHgTUzTMDl/3c9g==",
        "dependencies": {
          "Microsoft.Extensions.Configuration.Abstractions": "9.0.5",
          "Microsoft.Extensions.Configuration.Binder": "9.0.5",
          "Microsoft.Extensions.DependencyInjection.Abstractions": "9.0.5",
          "Microsoft.Extensions.Options": "9.0.5",
          "Microsoft.Extensions.Primitives": "9.0.5"
        }
      },
      "Microsoft.Extensions.Primitives": {
        "type": "Transitive",
        "resolved": "9.0.5",
        "contentHash": "b4OAv1qE1C9aM+ShWJu3rlo/WjDwa/I30aIPXqDWSKXTtKl1Wwh6BZn+glH5HndGVVn3C6ZAPQj5nv7/7HJNBQ=="
      },
      "Microsoft.Windows.SDK.Win32Docs": {
        "type": "Transitive",
        "resolved": "0.1.42-alpha",
        "contentHash": "Z/9po23gUA9aoukirh2ItMU2ZS9++Js9Gdds9fu5yuMojDrmArvY2y+tq9985tR3cxFxpZO1O35Wjfo0khj5HA=="
      },
      "Microsoft.Windows.SDK.Win32Metadata": {
        "type": "Transitive",
        "resolved": "61.0.15-preview",
        "contentHash": "cysex3dazKtCPALCluC2XX3f5Aedy9H2pw5jb+TW5uas2rkem1Z7FRnbUrg2vKx0pk0Qz+4EJNr37HdYTEcvEQ=="
      },
      "Microsoft.Windows.WDK.Win32Metadata": {
        "type": "Transitive",
        "resolved": "0.12.8-experimental",
        "contentHash": "3n8R44/Z96Ly+ty4eYVJfESqbzvpw96lRLs3zOzyDmr1x1Kw7FNn5CyE416q+bZQV3e1HRuMUvyegMeRE/WedA==",
        "dependencies": {
          "Microsoft.Windows.SDK.Win32Metadata": "61.0.15-preview"
        }
      },
      "Mono.Cecil": {
        "type": "Transitive",
        "resolved": "0.11.5",
        "contentHash": "fxfX+0JGTZ8YQeu1MYjbBiK2CYTSzDyEeIixt+yqKKTn7FW8rv7JMY70qevup4ZJfD7Kk/VG/jDzQQTpfch87g=="
      },
      "MonoMod.Backports": {
        "type": "Transitive",
        "resolved": "1.1.2",
        "contentHash": "baYlNy8n8kmaNhNvqmZ/dIPOeO1r9//dG1i2WbunMWtWZ2EKtIgmXaS+ZzphzTsikkGnoD4Jwr5g0TVdpDjgpw==",
        "dependencies": {
          "MonoMod.ILHelpers": "1.1.0"
        }
      },
      "MonoMod.Core": {
        "type": "Transitive",
        "resolved": "1.2.2",
        "contentHash": "3R9mQ7TxeQQBFLtGTR2VIDSBGx/I7d8RYpxvW1Mot0/PB6+UOnHr+lkw7dj8cus8YSnLdCFT+CG4JW89daEvjg==",
        "dependencies": {
          "Mono.Cecil": "0.11.5",
          "MonoMod.Backports": "1.1.2",
          "MonoMod.ILHelpers": "1.1.0",
          "MonoMod.Utils": "25.0.8"
        }
      },
      "MonoMod.ILHelpers": {
        "type": "Transitive",
        "resolved": "1.1.0",
        "contentHash": "L2FWjhTrv7tcIxshfZ+M3OcaNr4cNw0IwiVZEgwqRnZ5QAN3+RrNJ8ZwCzwXUWyPDqooJxMcjjg8PsSYUiNBjQ=="
      },
      "MonoMod.Utils": {
        "type": "Transitive",
        "resolved": "25.0.8",
        "contentHash": "8wfyawgvGqUvfchAj7/gPazAjXO8CWNyXH+C0az+hgJH/80zVL5LxDhQMz0NQTyoCEJWU6gNBGc7CL+G7vCbaQ==",
        "dependencies": {
          "Mono.Cecil": "0.11.5",
          "MonoMod.Backports": "1.1.2",
          "MonoMod.ILHelpers": "1.1.0"
        }
      },
      "NuGet.Frameworks": {
        "type": "Transitive",
        "resolved": "6.13.2",
        "contentHash": "SQKUf56j7IdJL//fU7fcmn234awjRA2qLvgbfs/TxmY7oJrNOxaaDxASyCbS4eJW3LCOd6ONHMZ/cPlbQh4xVg=="
      },
      "NuGet.Versioning": {
        "type": "Transitive",
        "resolved": "6.13.2",
        "contentHash": "pGYNyvCVM+Z9jITTiJiuxFC8oJXFdh2k25ZDV4tSAOSuKyAWvh1VcfJy0WZGWdI6J7Avkbl0qra7XENYFSy4Ng=="
      },
      "Polly": {
        "type": "Transitive",
        "resolved": "7.2.4",
        "contentHash": "bw00Ck5sh6ekduDE3mnCo1ohzuad946uslCDEENu3091+6UKnBuKLo4e+yaNcCzXxOZCXWY2gV4a35+K1d4LDA=="
      },
      "Polly.Extensions.Http": {
        "type": "Transitive",
        "resolved": "3.0.0",
        "contentHash": "drrG+hB3pYFY7w1c3BD+lSGYvH2oIclH8GRSehgfyP5kjnFnHKQuuBhuHLv+PWyFuaTDyk/vfRpnxOzd11+J8g==",
        "dependencies": {
          "Polly": "7.1.0"
        }
      },
      "protobuf-net": {
        "type": "Transitive",
        "resolved": "1.0.0",
        "contentHash": "kTGOK0E87473sOImOjgZOnz3kTC2aMLffoRWQLYNuBLJnwNNmjanF9IkevZ9Q7yYLeABQfcF3BpeepuMntMVNw=="
      },
      "SharpDX": {
        "type": "Transitive",
        "resolved": "4.2.0-keen-cringe",
        "contentHash": "LaJN3h1Gi1FWVdef2I5WtOH9gwzKCBniH0CragarbkN2QheYY6Lqm+91PcOfp1w/4wdVb+k8Kjv3sO393Tphtw=="
      },
      "SixLabors.Core": {
        "type": "Transitive",
        "resolved": "1.0.0-beta0007",
        "contentHash": "s9aPl6yxwcvoKRD0u0zjkCISZCCifbUi9/XVFjdvlx5Pt7vRYmGV0anq1EEftUjIEHbEu5aNBipbUSBIV2CE7w=="
      },
      "Steamworks.NET": {
        "type": "Transitive",
        "resolved": "20.1.0",
        "contentHash": "+GntwnyJ5tCNvUIaQxv2+ehDvZJzGUqlSB5xRBk1hTj1qqBJ6s4vK/OfGD/jae7aTmXiGSm8wpJORosNtQevJQ=="
      },
      "System.CodeDom": {
        "type": "Transitive",
        "resolved": "9.0.4",
        "contentHash": "aJdv7Z87PoPW8ijvGIincocooYRbH3Umtlz7OrJKf6GDInbdu1bvk5X1fFlmbl7WP+9ntoIBd7NjKz+siVFdHA=="
      },
      "System.Configuration.ConfigurationManager": {
        "type": "Transitive",
        "resolved": "9.0.4",
        "contentHash": "dvjqKp+2LpGid6phzrdrS/2mmEPxFl3jE1+L7614q4ZChKbLJCpHXg6sBILlCCED1t//EE+un/UdAetzIMpqnw==",
        "dependencies": {
          "System.Diagnostics.EventLog": "9.0.4",
          "System.Security.Cryptography.ProtectedData": "9.0.4"
        }
      },
      "System.Diagnostics.EventLog": {
        "type": "Transitive",
        "resolved": "9.0.4",
        "contentHash": "getRQEXD8idlpb1KW56XuxImMy0FKp2WJPDf3Qr0kI/QKxxJSftqfDFVo0DZ3HCJRLU73qHSruv5q2l5O47jQQ=="
      },
      "System.Linq.Async": {
        "type": "Transitive",
        "resolved": "6.0.1",
        "contentHash": "0YhHcaroWpQ9UCot3Pizah7ryAzQhNvobLMSxeDIGmnXfkQn8u5owvpOH0K6EVB+z9L7u6Cc4W17Br/+jyttEQ==",
        "dependencies": {
          "Microsoft.Bcl.AsyncInterfaces": "6.0.0"
        }
      },
      "System.Security.Cryptography.ProtectedData": {
        "type": "Transitive",
        "resolved": "9.0.4",
        "contentHash": "o94k2RKuAce3GeDMlUvIXlhVa1kWpJw95E6C9LwW0KlG0nj5+SgCiIxJ2Eroqb9sLtG1mEMbFttZIBZ13EJPvQ=="
      },
      "cringebootstrap.abstractions": {
        "type": "Project"
      },
      "cringeplugins": {
        "type": "Project",
        "dependencies": {
          "ImGui.NET.DirectX": "[1.91.0.1, )",
          "JsonSchema.Net.Generation": "[5.0.2, )",
          "Lib.Harmony.Thin": "[2.3.4-torch, )",
          "Microsoft.Extensions.DependencyInjection.Abstractions": "[9.0.5, )",
          "NLog": "[5.4.0, )",
          "NuGet": "[1.0.0, )",
          "SharedCringe": "[1.0.0, )",
          "SpaceEngineersDedicated.ReferenceAssemblies": "[1.*, )",
          "Steamworks.NET": "[20.1.0, 20.1.0]",
          "dnlib": "[4.4.0, )"
        }
      },
      "nuget": {
        "type": "Project",
        "dependencies": {
          "NuGet.Frameworks": "[6.13.2, )",
          "NuGet.Versioning": "[6.13.2, )",
          "System.Linq.Async": "[6.0.1, )"
        }
      },
      "sharedcringe": {
        "type": "Project",
        "dependencies": {
          "CringeBootstrap.Abstractions": "[1.0.0, )",
          "NLog": "[5.4.0, )",
          "SpaceEngineersDedicated.ReferenceAssemblies": "[1.*, )"
        }
      }
    },
    "net9.0-windows10.0.19041/win-x64": {
      "EOSSDK": {
        "type": "Direct",
        "requested": "[1.0.2, )",
        "resolved": "1.0.2",
        "contentHash": "zk6YQMJe1gtnHcuSK8ETopJiJ+pnfdxJZ+eEIPov/T+nUhaoOgioLFvIkARt1g5yfOnQBjRrzT4iMJcQmNQF/Q==",
        "dependencies": {
          "CringePlugins": "0.1.74"
        }
      },
      "System.Diagnostics.PerformanceCounter": {
        "type": "Direct",
        "requested": "[9.0.4, )",
        "resolved": "9.0.4",
        "contentHash": "dPtvbm/WuXQHFHzi/lC0bO+AJAEx5m/Gdk9A0JSXjAD/AQtXKCEOInP9VhADovaf595pjCGV0jqRFzkqDUzrqw==",
        "dependencies": {
          "System.Configuration.ConfigurationManager": "9.0.4"
        }
      },
      "System.Management": {
        "type": "Direct",
        "requested": "[9.0.4, )",
        "resolved": "9.0.4",
        "contentHash": "MfY9+SrkSvchAoFiChTkhQYCAjBaQQ9u3LwiKmho7oTbujucnxCzORlPgLhId/ChLSptsQ/1UmtPGLZaKYVdsA==",
        "dependencies": {
          "System.CodeDom": "9.0.4"
        }
      },
      "ImGui.NET.DirectX": {
        "type": "Transitive",
        "resolved": "1.91.0.1",
        "contentHash": "PpW1gQ9g97h6Hm/h/tkSBOmsBYgGwN8wKNmlJomcQFD/zRY1HPkJZz18XRSfRLHPmH2eeh4hhhZv1KHug7dF9g=="
      },
      "Steamworks.NET": {
        "type": "Transitive",
        "resolved": "20.1.0",
        "contentHash": "+GntwnyJ5tCNvUIaQxv2+ehDvZJzGUqlSB5xRBk1hTj1qqBJ6s4vK/OfGD/jae7aTmXiGSm8wpJORosNtQevJQ=="
      },
      "System.Diagnostics.EventLog": {
        "type": "Transitive",
        "resolved": "9.0.4",
        "contentHash": "getRQEXD8idlpb1KW56XuxImMy0FKp2WJPDf3Qr0kI/QKxxJSftqfDFVo0DZ3HCJRLU73qHSruv5q2l5O47jQQ=="
      }
    }
  }
}