{
  "version": 1,
  "dependencies": {
    "net9.0-windows7.0": {
      "CringePlugins": {
        "type": "Direct",
        "requested": "[*, )",
        "resolved": "0.1.119",
        "contentHash": "eKR8MlH+RML9XU+/cuGHMm5O/oh7KMj1wrAEYbf4v1UEMYz1LqF84Iebu1rK7s4KNIgkg73IWNbnxJsAHAIoLQ==",
        "dependencies": {
          "ImGui.NET.DirectX": "1.92.1.3",
          "JsonSchema.Net.Generation": "5.0.4",
          "Lib.Harmony.Thin": "2.3.4-torch",
          "Microsoft.Extensions.DependencyInjection.Abstractions": "9.0.7",
          "Newtonsoft.Json": "13.0.3",
          "NuGet": "0.1.119",
          "SharedCringe": "0.1.119",
          "SpaceEngineersDedicated.ReferenceAssemblies": "1.206.32",
          "Steamworks.NET": "[20.1.0]",
          "dnlib": "4.5.0"
        }
      },
      "CringePlugins.MSBuild": {
        "type": "Direct",
        "requested": "[*, )",
        "resolved": "1.0.2",
        "contentHash": "IWuLObrVNxXkK5XzeKlWbAOANXyGWqnvkYZYi5S9J8TkqcxZ23zpNbv4GBLXKTZ+H5W43ZM1kNjBW7havxwVbg=="
      },
      "NodaTime": {
        "type": "Direct",
        "requested": "[3.2.2, )",
        "resolved": "3.2.2",
        "contentHash": "dmju5W0UYC3QP/UJM0juKAZkH0HSDMp0gH91A0+mT9M0kgyM2Jm67hUZPl/WRQLq8Lijjqmdk8kyAViWFWM7dA=="
      },
      "CringeBootstrap.Abstractions": {
        "type": "Transitive",
        "resolved": "0.1.119",
        "contentHash": "EIMJy49dTT0+mBxsmkDYFLgdRn3tyqmDkDXsTnDpvi1sxemyp1FLStjMApI5Xuq0QAV+rAgF6nZvXCHEClL7Og=="
      },
      "dnlib": {
        "type": "Transitive",
        "resolved": "4.5.0",
        "contentHash": "YkwstIbjyiJ12uGIAN8oSmImgVFkPHit7MJXPHvJqeKV1DMNqxZWszjHfykgiSs4Y/XmjnZts7pI2/AYme5/uA=="
      },
      "Humanizer.Core": {
        "type": "Transitive",
        "resolved": "2.14.1",
        "contentHash": "lQKvtaTDOXnoVJ20ibTuSIOf2i0uO0MPbDhd1jm238I+U/2ZnRENj0cktKZhtchBMtCUSRQ5v4xBCUbKNmyVMw=="
      },
      "ImGui.NET.DirectX": {
        "type": "Transitive",
        "resolved": "1.92.1.3",
        "contentHash": "C9UQJZt1dK1sq2nR5c+GfvLBiASp6b2sRBMXBf8iojZtaslwN5HPmI0mY+QBdYpVPptj4+EGgGyltTwZRGP0BQ=="
      },
      "Json.More.Net": {
        "type": "Transitive",
        "resolved": "2.1.1",
        "contentHash": "ZXAKl2VsdnIZeUo1PFII3Oi1m1L4YQjEyDjygHfHln5vgsjgIo749X6xWkv7qFYp8RROES+vOEfDcvvoVgs8kA=="
      },
      "JsonPointer.Net": {
        "type": "Transitive",
        "resolved": "5.3.1",
        "contentHash": "3e2OJjU0OaE26XC/klgxbJuXvteFWTDJIJv0ITYWcJEoskq7jzUwPSC1s0iz4wPPQnfN7vwwFmg2gJfwRAPwgw==",
        "dependencies": {
          "Humanizer.Core": "2.14.1",
          "Json.More.Net": "2.1.1"
        }
      },
      "JsonSchema.Net": {
        "type": "Transitive",
        "resolved": "7.3.4",
        "contentHash": "7GggWrdzKrtGWETRn3dcMnmuLSyWaDkBK94TK80LEHQEVz4bmsQc7FYO7qL40RDdZU2YPz5d98aT9lW5OYExuA==",
        "dependencies": {
          "JsonPointer.Net": "5.3.1"
        }
      },
      "JsonSchema.Net.Generation": {
        "type": "Transitive",
        "resolved": "5.0.4",
        "contentHash": "VNcQd95tHbpWRvKjRfWOjFXHRPKH+zMBEmrgQCavsDZYI3+zMjCyKXTtOScI2dMbYllgYbVu9aH7JHgluE1lpA==",
        "dependencies": {
          "Humanizer.Core": "2.14.1",
          "JsonSchema.Net": "7.3.4"
        }
      },
      "Lib.Harmony.Thin": {
        "type": "Transitive",
        "resolved": "2.3.4-torch",
        "contentHash": "UnLUnLLiXfHZdKa1zhi6w8cl8tJTrpVixLtvjFEVtlDA6Rkf06OcZ2gSidcbcgKjTcR+fk5Qsdos3mU5oohzfg==",
        "dependencies": {
          "MonoMod.Core": "1.2.2"
        }
      },
      "Microsoft.Extensions.DependencyInjection.Abstractions": {
        "type": "Transitive",
        "resolved": "9.0.7",
        "contentHash": "iPK1FxbGFr2Xb+4Y+dTYI8Gupu9pOi8I3JPuPsrogUmEhe2hzZ9LpCmolMEBhVDo2ikcSr7G5zYiwaapHSQTew=="
      },
      "Mono.Cecil": {
        "type": "Transitive",
        "resolved": "0.11.5",
        "contentHash": "fxfX+0JGTZ8YQeu1MYjbBiK2CYTSzDyEeIixt+yqKKTn7FW8rv7JMY70qevup4ZJfD7Kk/VG/jDzQQTpfch87g=="
      },
      "MonoMod.Backports": {
        "type": "Transitive",
        "resolved": "1.1.2",
        "contentHash": "baYlNy8n8kmaNhNvqmZ/dIPOeO1r9//dG1i2WbunMWtWZ2EKtIgmXaS+ZzphzTsikkGnoD4Jwr5g0TVdpDjgpw==",
        "dependencies": {
          "MonoMod.ILHelpers": "1.1.0"
        }
      },
      "MonoMod.Core": {
        "type": "Transitive",
        "resolved": "1.2.2",
        "contentHash": "3R9mQ7TxeQQBFLtGTR2VIDSBGx/I7d8RYpxvW1Mot0/PB6+UOnHr+lkw7dj8cus8YSnLdCFT+CG4JW89daEvjg==",
        "dependencies": {
          "Mono.Cecil": "0.11.5",
          "MonoMod.Backports": "1.1.2",
          "MonoMod.ILHelpers": "1.1.0",
          "MonoMod.Utils": "25.0.8"
        }
      },
      "MonoMod.ILHelpers": {
        "type": "Transitive",
        "resolved": "1.1.0",
        "contentHash": "L2FWjhTrv7tcIxshfZ+M3OcaNr4cNw0IwiVZEgwqRnZ5QAN3+RrNJ8ZwCzwXUWyPDqooJxMcjjg8PsSYUiNBjQ=="
      },
      "MonoMod.Utils": {
        "type": "Transitive",
        "resolved": "25.0.8",
        "contentHash": "8wfyawgvGqUvfchAj7/gPazAjXO8CWNyXH+C0az+hgJH/80zVL5LxDhQMz0NQTyoCEJWU6gNBGc7CL+G7vCbaQ==",
        "dependencies": {
          "Mono.Cecil": "0.11.5",
          "MonoMod.Backports": "1.1.2",
          "MonoMod.ILHelpers": "1.1.0"
        }
      },
      "Newtonsoft.Json": {
        "type": "Transitive",
        "resolved": "13.0.3",
        "contentHash": "HrC5BXdl00IP9zeV+0Z848QWPAoCr9P3bDEZguI+gkLcBKAOxix/tLEAAHC+UvDNPv4a2d18lOReHMOagPa+zQ=="
      },
      "NLog": {
        "type": "Transitive",
        "resolved": "6.0.2",
        "contentHash": "kfjfjcjh/hHXLJ0TbEUH6ajb2jQFmwk/23nyYW9iPZ6cj5769SyeDTbUwGI7LSVUk5iTRJoC6CTKKmWrXK79oA=="
      },
      "NuGet": {
        "type": "Transitive",
        "resolved": "0.1.119",
        "contentHash": "sWlmYeGk7azs6a49R1bQehUX7EwDw+PwLRcl2nNZQr75fj2F/uwqtvworKnhFX7bS6/kjgXVskih21CaqkG+OQ==",
        "dependencies": {
          "NLog": "6.0.2",
          "NuGet.Frameworks": "6.14.0",
          "NuGet.Versioning": "6.14.0",
          "System.Linq.Async": "6.0.3"
        }
      },
      "NuGet.Frameworks": {
        "type": "Transitive",
        "resolved": "6.14.0",
        "contentHash": "xZ37J58DQAkVUX29qoMwla26iBYRScdcfSGNe1FIZjCX1tpafN9n7TinrkRxaJqYzW0D8Ob8a3eRSYhwEUauCA=="
      },
      "NuGet.Versioning": {
        "type": "Transitive",
        "resolved": "6.14.0",
        "contentHash": "4v4blkhCv8mpKtfx+z0G/X0daVCzdIaHSC51GkUspugi5JIMn2Bo8xm5PdZYF0U68gOBfz/+aPWMnpRd85Jbow=="
      },
      "protobuf-net": {
        "type": "Transitive",
        "resolved": "1.0.0",
        "contentHash": "kTGOK0E87473sOImOjgZOnz3kTC2aMLffoRWQLYNuBLJnwNNmjanF9IkevZ9Q7yYLeABQfcF3BpeepuMntMVNw=="
      },
      "SharedCringe": {
        "type": "Transitive",
        "resolved": "0.1.119",
        "contentHash": "6sUJez1J/6yH57SekiPAF5grtDCnuSfmXKxa0pvWgFGcEGlOVHxqC23jjwfW3+/20o3bdgtp2iDWEqWR+njlnw==",
        "dependencies": {
          "CringeBootstrap.Abstractions": "0.1.119",
          "NLog": "6.0.2",
          "SpaceEngineersDedicated.ReferenceAssemblies": "1.206.32"
        }
      },
      "SharpDX": {
        "type": "Transitive",
        "resolved": "4.2.0-keen-cringe",
        "contentHash": "LaJN3h1Gi1FWVdef2I5WtOH9gwzKCBniH0CragarbkN2QheYY6Lqm+91PcOfp1w/4wdVb+k8Kjv3sO393Tphtw=="
      },
      "SpaceEngineersDedicated.ReferenceAssemblies": {
        "type": "Transitive",
        "resolved": "1.206.32",
        "contentHash": "uFhkUUxmumct/turcfMeM2f+jJHxuiB6jAE4JMGa/AOFKCsWIr+ZWTX9hW2muEoJpUNKrzCbGrxH8ssaJUZpig==",
        "dependencies": {
          "SharpDX": "4.2.0-keen-cringe",
          "protobuf-net": "1.0.0"
        }
      },
      "Steamworks.NET": {
        "type": "Transitive",
        "resolved": "20.1.0",
        "contentHash": "+GntwnyJ5tCNvUIaQxv2+ehDvZJzGUqlSB5xRBk1hTj1qqBJ6s4vK/OfGD/jae7aTmXiGSm8wpJORosNtQevJQ=="
      },
      "System.Linq.Async": {
        "type": "Transitive",
        "resolved": "6.0.3",
        "contentHash": "hSHiq2m1ky7zUQgTp+/2h1K3lABIQ+GltRixoclHPg/Sc1vnfeS6g/Uy5moOVZKrZJdQiFPFZd6OobBp3tZcFg=="
      }
    },
    "net9.0-windows7.0/win-x64": {
      "ImGui.NET.DirectX": {
        "type": "Transitive",
        "resolved": "1.92.1.3",
        "contentHash": "C9UQJZt1dK1sq2nR5c+GfvLBiASp6b2sRBMXBf8iojZtaslwN5HPmI0mY+QBdYpVPptj4+EGgGyltTwZRGP0BQ=="
      },
      "Steamworks.NET": {
        "type": "Transitive",
        "resolved": "20.1.0",
        "contentHash": "+GntwnyJ5tCNvUIaQxv2+ehDvZJzGUqlSB5xRBk1hTj1qqBJ6s4vK/OfGD/jae7aTmXiGSm8wpJORosNtQevJQ=="
      }
    }
  }
}