{
  "version": 1,
  "dependencies": {
    "net9.0": {
      "NLog": {
        "type": "Direct",
        "requested": "[6.0.4, )",
        "resolved": "6.0.4",
        "contentHash": "Xr+lIk1ZlTTFXEqnxQVLxrDqZlt2tm5X+/AhJbaY2emb/dVtGDiU5QuEtj3gHtwV/SWlP/rJ922I/BPuOJXlRw=="
      },
      "SpaceEngineersDedicated.ReferenceAssemblies": {
        "type": "Direct",
        "requested": "[1.207.22, )",
        "resolved": "1.207.22",
        "contentHash": "cEigq1fs5zm8wjVjLuldUvnLTeQTvymZbXt3eZ8mS4x6oynOpiiUvnSJnD/mxY227AVekRzrdRuk51/Z7m1sqg==",
        "dependencies": {
          "SharpDX": "4.2.0-keen-cringe",
          "protobuf-net": "1.0.0"
        }
      },
      "Microsoft.Extensions.DependencyInjection": {
        "type": "Transitive",
        "resolved": "9.0.9",
        "contentHash": "zQV2WOSP+3z1EuK91ULxfGgo2Y75bTRnmJHp08+w/YXAyekZutX/qCd88/HOMNh35MDW9mJJJxPpMPS+1Rww8A==",
        "dependencies": {
          "Microsoft.Extensions.DependencyInjection.Abstractions": "9.0.9"
        }
      },
      "Microsoft.Extensions.DependencyInjection.Abstractions": {
        "type": "Transitive",
        "resolved": "9.0.9",
        "contentHash": "/hymojfWbE9AlDOa0mczR44m00Jj+T3+HZO0ZnVTI032fVycI0ZbNOVFP6kqZMcXiLSYXzR2ilcwaRi6dzeGyA=="
      },
      "protobuf-net": {
        "type": "Transitive",
        "resolved": "1.0.0",
        "contentHash": "kTGOK0E87473sOImOjgZOnz3kTC2aMLffoRWQLYNuBLJnwNNmjanF9IkevZ9Q7yYLeABQfcF3BpeepuMntMVNw=="
      },
      "SharpDX": {
        "type": "Transitive",
        "resolved": "4.2.0-keen-cringe",
        "contentHash": "LaJN3h1Gi1FWVdef2I5WtOH9gwzKCBniH0CragarbkN2QheYY6Lqm+91PcOfp1w/4wdVb+k8Kjv3sO393Tphtw=="
      },
      "cringebootstrap.abstractions": {
        "type": "Project",
        "dependencies": {
          "Microsoft.Extensions.DependencyInjection": "[9.0.9, )"
        }
      }
    },
    "net9.0/win-x64": {}
  }
}