{
  "version": 1,
  "dependencies": {
    "net9.0": {
      "NLog": {
        "type": "Direct",
        "requested": "[6.0.2, )",
        "resolved": "6.0.2",
        "contentHash": "kfjfjcjh/hHXLJ0TbEUH6ajb2jQFmwk/23nyYW9iPZ6cj5769SyeDTbUwGI7LSVUk5iTRJoC6CTKKmWrXK79oA=="
      },
      "SpaceEngineersDedicated.ReferenceAssemblies": {
        "type": "Direct",
        "requested": "[1.206.32, )",
        "resolved": "1.206.32",
        "contentHash": "uFhkUUxmumct/turcfMeM2f+jJHxuiB6jAE4JMGa/AOFKCsWIr+ZWTX9hW2muEoJpUNKrzCbGrxH8ssaJUZpig==",
        "dependencies": {
          "SharpDX": "4.2.0-keen-cringe",
          "protobuf-net": "1.0.0"
        }
      },
      "protobuf-net": {
        "type": "Transitive",
        "resolved": "1.0.0",
        "contentHash": "kTGOK0E87473sOImOjgZOnz3kTC2aMLffoRWQLYNuBLJnwNNmjanF9IkevZ9Q7yYLeABQfcF3BpeepuMntMVNw=="
      },
      "SharpDX": {
        "type": "Transitive",
        "resolved": "4.2.0-keen-cringe",
        "contentHash": "LaJN3h1Gi1FWVdef2I5WtOH9gwzKCBniH0CragarbkN2QheYY6Lqm+91PcOfp1w/4wdVb+k8Kjv3sO393Tphtw=="
      },
      "cringebootstrap.abstractions": {
        "type": "Project"
      }
    },
    "net9.0/win-x64": {}
  }
}