{
  "version": 1,
  "dependencies": {
    "net9.0-windows7.0": {
      "Basic.Reference.Assemblies.Net90": {
        "type": "Direct",
        "requested": "[1.8.0, )",
        "resolved": "1.8.0",
        "contentHash": "xC9ZVnkVHnkQafDPOrOnWWObi3iiVYCnUFECTnhV4QXmxOBdxfH3hakgpaeP+Y1wEU9/uaepLTyjSTqtSnUDzQ==",
        "dependencies": {
          "Microsoft.CodeAnalysis.Common": "4.11.0"
        }
      },
      "dnlib": {
        "type": "Direct",
        "requested": "[4.4.0, )",
        "resolved": "4.4.0",
        "contentHash": "cKHI720q+zfEEvzklWVGt6B0TH3AibAyJbpUJl4U6KvTP13tycfnqJpkGHRZ/oQ45BTIoIxIwltHIJVDN+iCqQ=="
      },
      "ImGui.NET.DirectX": {
        "type": "Direct",
        "requested": "[1.91.0.1, )",
        "resolved": "1.91.0.1",
        "contentHash": "PpW1gQ9g97h6Hm/h/tkSBOmsBYgGwN8wKNmlJomcQFD/zRY1HPkJZz18XRSfRLHPmH2eeh4hhhZv1KHug7dF9g==",
        "dependencies": {
          "System.Buffers": "4.5.1",
          "System.Numerics.Vectors": "4.5.0",
          "System.Runtime.CompilerServices.Unsafe": "6.0.0"
        }
      },
      "JsonSchema.Net.Generation": {
        "type": "Direct",
        "requested": "[5.0.2, )",
        "resolved": "5.0.2",
        "contentHash": "+khIPgLqOyFOWjgHSzXMjJijwbQb85/cFRf4NwTaV6QBoGM9IT8LeLCnmwazruwKsx16HB1UFX3mslUujfjVpg==",
        "dependencies": {
          "Humanizer.Core": "2.14.1",
          "JsonSchema.Net": "7.3.4"
        }
      },
      "Krafs.Publicizer": {
        "type": "Direct",
        "requested": "[2.3.0, )",
        "resolved": "2.3.0",
        "contentHash": "DjktTgctwxUMhMkWKrRECer3LR1lHzanCOlE4mpinAiY8SfWJq4DG/QitP5h1A+WBjyWHzQSOG+204i3VpO1FA=="
      },
      "Lib.Harmony.Thin": {
        "type": "Direct",
        "requested": "[2.3.4-torch, )",
        "resolved": "2.3.4-torch",
        "contentHash": "UnLUnLLiXfHZdKa1zhi6w8cl8tJTrpVixLtvjFEVtlDA6Rkf06OcZ2gSidcbcgKjTcR+fk5Qsdos3mU5oohzfg==",
        "dependencies": {
          "MonoMod.Core": "1.2.2",
          "System.Text.Json": "9.0.0"
        }
      },
      "Microsoft.Extensions.DependencyInjection.Abstractions": {
        "type": "Direct",
        "requested": "[9.0.5, )",
        "resolved": "9.0.5",
        "contentHash": "cjnRtsEAzU73aN6W7vkWy8Phj5t3Xm78HSqgrbh/O4Q9SK/yN73wZVa21QQY6amSLQRQ/M8N+koGnY6PuvKQsw=="
      },
      "Newtonsoft.Json": {
        "type": "Direct",
        "requested": "[13.0.3, )",
        "resolved": "13.0.3",
        "contentHash": "HrC5BXdl00IP9zeV+0Z848QWPAoCr9P3bDEZguI+gkLcBKAOxix/tLEAAHC+UvDNPv4a2d18lOReHMOagPa+zQ=="
      },
      "NLog": {
        "type": "Direct",
        "requested": "[5.4.0, )",
        "resolved": "5.4.0",
        "contentHash": "LwMcGSW3soF3/SL68rlJN3Eh3ktrAPycC3zZR/07OYBPraZUu0bygEC7kIN10lUQgMXT4s84Fi1chglGdGrQEg=="
      },
      "SpaceEngineersDedicated.ReferenceAssemblies": {
        "type": "Direct",
        "requested": "[1.*, )",
        "resolved": "1.206.32",
        "contentHash": "uFhkUUxmumct/turcfMeM2f+jJHxuiB6jAE4JMGa/AOFKCsWIr+ZWTX9hW2muEoJpUNKrzCbGrxH8ssaJUZpig==",
        "dependencies": {
          "SharpDX": "4.2.0-keen-cringe",
          "protobuf-net": "1.0.0"
        }
      },
      "Steamworks.NET": {
        "type": "Direct",
        "requested": "[20.1.0, 20.1.0]",
        "resolved": "20.1.0",
        "contentHash": "+GntwnyJ5tCNvUIaQxv2+ehDvZJzGUqlSB5xRBk1hTj1qqBJ6s4vK/OfGD/jae7aTmXiGSm8wpJORosNtQevJQ=="
      },
      "Humanizer.Core": {
        "type": "Transitive",
        "resolved": "2.14.1",
        "contentHash": "lQKvtaTDOXnoVJ20ibTuSIOf2i0uO0MPbDhd1jm238I+U/2ZnRENj0cktKZhtchBMtCUSRQ5v4xBCUbKNmyVMw=="
      },
      "Json.More.Net": {
        "type": "Transitive",
        "resolved": "2.1.1",
        "contentHash": "ZXAKl2VsdnIZeUo1PFII3Oi1m1L4YQjEyDjygHfHln5vgsjgIo749X6xWkv7qFYp8RROES+vOEfDcvvoVgs8kA=="
      },
      "JsonPointer.Net": {
        "type": "Transitive",
        "resolved": "5.3.1",
        "contentHash": "3e2OJjU0OaE26XC/klgxbJuXvteFWTDJIJv0ITYWcJEoskq7jzUwPSC1s0iz4wPPQnfN7vwwFmg2gJfwRAPwgw==",
        "dependencies": {
          "Humanizer.Core": "2.14.1",
          "Json.More.Net": "2.1.1"
        }
      },
      "JsonSchema.Net": {
        "type": "Transitive",
        "resolved": "7.3.4",
        "contentHash": "7GggWrdzKrtGWETRn3dcMnmuLSyWaDkBK94TK80LEHQEVz4bmsQc7FYO7qL40RDdZU2YPz5d98aT9lW5OYExuA==",
        "dependencies": {
          "JsonPointer.Net": "5.3.1"
        }
      },
      "Microsoft.Bcl.AsyncInterfaces": {
        "type": "Transitive",
        "resolved": "6.0.0",
        "contentHash": "UcSjPsst+DfAdJGVDsu346FX0ci0ah+lw3WRtn18NUwEqRt70HaOQ7lI72vy3+1LxtqI3T5GWwV39rQSrCzAeg=="
      },
      "Microsoft.CodeAnalysis.Analyzers": {
        "type": "Transitive",
        "resolved": "3.3.4",
        "contentHash": "AxkxcPR+rheX0SmvpLVIGLhOUXAKG56a64kV9VQZ4y9gR9ZmPXnqZvHJnmwLSwzrEP6junUF11vuc+aqo5r68g=="
      },
      "Microsoft.CodeAnalysis.Common": {
        "type": "Transitive",
        "resolved": "4.11.0",
        "contentHash": "djf8ujmqYImFgB04UGtcsEhHrzVqzHowS+EEl/Yunc5LdrYrZhGBWUTXoCF0NzYXJxtfuD+UVQarWpvrNc94Qg==",
        "dependencies": {
          "Microsoft.CodeAnalysis.Analyzers": "3.3.4",
          "System.Collections.Immutable": "8.0.0",
          "System.Reflection.Metadata": "8.0.0"
        }
      },
      "Mono.Cecil": {
        "type": "Transitive",
        "resolved": "0.11.5",
        "contentHash": "fxfX+0JGTZ8YQeu1MYjbBiK2CYTSzDyEeIixt+yqKKTn7FW8rv7JMY70qevup4ZJfD7Kk/VG/jDzQQTpfch87g=="
      },
      "MonoMod.Backports": {
        "type": "Transitive",
        "resolved": "1.1.2",
        "contentHash": "baYlNy8n8kmaNhNvqmZ/dIPOeO1r9//dG1i2WbunMWtWZ2EKtIgmXaS+ZzphzTsikkGnoD4Jwr5g0TVdpDjgpw==",
        "dependencies": {
          "MonoMod.ILHelpers": "1.1.0"
        }
      },
      "MonoMod.Core": {
        "type": "Transitive",
        "resolved": "1.2.2",
        "contentHash": "3R9mQ7TxeQQBFLtGTR2VIDSBGx/I7d8RYpxvW1Mot0/PB6+UOnHr+lkw7dj8cus8YSnLdCFT+CG4JW89daEvjg==",
        "dependencies": {
          "Mono.Cecil": "0.11.5",
          "MonoMod.Backports": "1.1.2",
          "MonoMod.ILHelpers": "1.1.0",
          "MonoMod.Utils": "25.0.8"
        }
      },
      "MonoMod.ILHelpers": {
        "type": "Transitive",
        "resolved": "1.1.0",
        "contentHash": "L2FWjhTrv7tcIxshfZ+M3OcaNr4cNw0IwiVZEgwqRnZ5QAN3+RrNJ8ZwCzwXUWyPDqooJxMcjjg8PsSYUiNBjQ=="
      },
      "MonoMod.Utils": {
        "type": "Transitive",
        "resolved": "25.0.8",
        "contentHash": "8wfyawgvGqUvfchAj7/gPazAjXO8CWNyXH+C0az+hgJH/80zVL5LxDhQMz0NQTyoCEJWU6gNBGc7CL+G7vCbaQ==",
        "dependencies": {
          "Mono.Cecil": "0.11.5",
          "MonoMod.Backports": "1.1.2",
          "MonoMod.ILHelpers": "1.1.0"
        }
      },
      "NuGet.Frameworks": {
        "type": "Transitive",
        "resolved": "6.13.2",
        "contentHash": "SQKUf56j7IdJL//fU7fcmn234awjRA2qLvgbfs/TxmY7oJrNOxaaDxASyCbS4eJW3LCOd6ONHMZ/cPlbQh4xVg=="
      },
      "NuGet.Versioning": {
        "type": "Transitive",
        "resolved": "6.13.2",
        "contentHash": "pGYNyvCVM+Z9jITTiJiuxFC8oJXFdh2k25ZDV4tSAOSuKyAWvh1VcfJy0WZGWdI6J7Avkbl0qra7XENYFSy4Ng=="
      },
      "protobuf-net": {
        "type": "Transitive",
        "resolved": "1.0.0",
        "contentHash": "kTGOK0E87473sOImOjgZOnz3kTC2aMLffoRWQLYNuBLJnwNNmjanF9IkevZ9Q7yYLeABQfcF3BpeepuMntMVNw=="
      },
      "SharpDX": {
        "type": "Transitive",
        "resolved": "4.2.0-keen-cringe",
        "contentHash": "LaJN3h1Gi1FWVdef2I5WtOH9gwzKCBniH0CragarbkN2QheYY6Lqm+91PcOfp1w/4wdVb+k8Kjv3sO393Tphtw=="
      },
      "System.Buffers": {
        "type": "Transitive",
        "resolved": "4.5.1",
        "contentHash": "Rw7ijyl1qqRS0YQD/WycNst8hUUMgrMH4FCn1nNm27M4VxchZ1js3fVjQaANHO5f3sN4isvP4a+Met9Y4YomAg=="
      },
      "System.Collections.Immutable": {
        "type": "Transitive",
        "resolved": "8.0.0",
        "contentHash": "AurL6Y5BA1WotzlEvVaIDpqzpIPvYnnldxru8oXJU2yFxFUy3+pNXjXd1ymO+RA0rq0+590Q8gaz2l3Sr7fmqg=="
      },
      "System.Linq.Async": {
        "type": "Transitive",
        "resolved": "6.0.1",
        "contentHash": "0YhHcaroWpQ9UCot3Pizah7ryAzQhNvobLMSxeDIGmnXfkQn8u5owvpOH0K6EVB+z9L7u6Cc4W17Br/+jyttEQ==",
        "dependencies": {
          "Microsoft.Bcl.AsyncInterfaces": "6.0.0"
        }
      },
      "System.Numerics.Vectors": {
        "type": "Transitive",
        "resolved": "4.5.0",
        "contentHash": "QQTlPTl06J/iiDbJCiepZ4H//BVraReU4O4EoRw1U02H5TLUIT7xn3GnDp9AXPSlJUDyFs4uWjWafNX6WrAojQ=="
      },
      "System.Reflection.Metadata": {
        "type": "Transitive",
        "resolved": "8.0.0",
        "contentHash": "ptvgrFh7PvWI8bcVqG5rsA/weWM09EnthFHR5SCnS6IN+P4mj6rE1lBDC4U8HL9/57htKAqy4KQ3bBj84cfYyQ==",
        "dependencies": {
          "System.Collections.Immutable": "8.0.0"
        }
      },
      "System.Runtime.CompilerServices.Unsafe": {
        "type": "Transitive",
        "resolved": "6.0.0",
        "contentHash": "/iUeP3tq1S0XdNNoMz5C9twLSrM/TH+qElHkXWaPvuNOt+99G75NrV0OS2EqHx5wMN7popYjpc8oTjC1y16DLg=="
      },
      "System.Text.Json": {
        "type": "Transitive",
        "resolved": "9.0.0",
        "contentHash": "js7+qAu/9mQvnhA4EfGMZNEzXtJCDxgkgj8ohuxq/Qxv+R56G+ljefhiJHOxTNiw54q8vmABCWUwkMulNdlZ4A=="
      },
      "cringebootstrap.abstractions": {
        "type": "Project"
      },
      "nuget": {
        "type": "Project",
        "dependencies": {
          "NuGet.Frameworks": "[6.13.2, )",
          "NuGet.Versioning": "[6.13.2, )",
          "System.Linq.Async": "[6.0.1, )"
        }
      },
      "sharedcringe": {
        "type": "Project",
        "dependencies": {
          "CringeBootstrap.Abstractions": "[1.0.0, )",
          "NLog": "[5.4.0, )",
          "SpaceEngineersDedicated.ReferenceAssemblies": "[1.*, )"
        }
      }
    },
    "net9.0-windows7.0/win-x64": {
      "ImGui.NET.DirectX": {
        "type": "Direct",
        "requested": "[1.91.0.1, )",
        "resolved": "1.91.0.1",
        "contentHash": "PpW1gQ9g97h6Hm/h/tkSBOmsBYgGwN8wKNmlJomcQFD/zRY1HPkJZz18XRSfRLHPmH2eeh4hhhZv1KHug7dF9g==",
        "dependencies": {
          "System.Buffers": "4.5.1",
          "System.Numerics.Vectors": "4.5.0",
          "System.Runtime.CompilerServices.Unsafe": "6.0.0"
        }
      },
      "Steamworks.NET": {
        "type": "Direct",
        "requested": "[20.1.0, 20.1.0]",
        "resolved": "20.1.0",
        "contentHash": "+GntwnyJ5tCNvUIaQxv2+ehDvZJzGUqlSB5xRBk1hTj1qqBJ6s4vK/OfGD/jae7aTmXiGSm8wpJORosNtQevJQ=="
      }
    }
  }
}