{
  "version": 1,
  "dependencies": {
    "net8.0-windows7.0": {
      "Basic.Reference.Assemblies.Net80": {
        "type": "Direct",
        "requested": "[1.7.9, )",
        "resolved": "1.7.9",
        "contentHash": "1wbS9ZJLFVrKD2jqv27gekIrpjpLffR9sitLQh5drWoG9KbyR/CgrAhw5I0c8Eq3zFMOToCmrpZi3VpRoInCgg==",
        "dependencies": {
          "Microsoft.CodeAnalysis.Common": "4.11.0"
        }
      },
      "Basic.Reference.Assemblies.Net80Windows": {
        "type": "Direct",
        "requested": "[1.7.9, )",
        "resolved": "1.7.9",
        "contentHash": "98GFm8MC+pv37rTHaxBm5KFucqdJj0jK0XRHSGt2sXK9HNqtGImIFCFahxjUzskQjiUkPAzVhTou2OYZOuhhEg==",
        "dependencies": {
          "Microsoft.CodeAnalysis.Common": "4.11.0"
        }
      },
      "dnlib": {
        "type": "Direct",
        "requested": "[4.4.0, )",
        "resolved": "4.4.0",
        "contentHash": "cKHI720q+zfEEvzklWVGt6B0TH3AibAyJbpUJl4U6KvTP13tycfnqJpkGHRZ/oQ45BTIoIxIwltHIJVDN+iCqQ=="
      },
      "ImGui.NET.DirectX": {
        "type": "Direct",
        "requested": "[1.91.0.1, )",
        "resolved": "1.91.0.1",
        "contentHash": "PpW1gQ9g97h6Hm/h/tkSBOmsBYgGwN8wKNmlJomcQFD/zRY1HPkJZz18XRSfRLHPmH2eeh4hhhZv1KHug7dF9g==",
        "dependencies": {
          "System.Buffers": "4.5.1",
          "System.Numerics.Vectors": "4.5.0",
          "System.Runtime.CompilerServices.Unsafe": "6.0.0"
        }
      },
      "Krafs.Publicizer": {
        "type": "Direct",
        "requested": "[2.2.1, )",
        "resolved": "2.2.1",
        "contentHash": "QGI4nMGQbKsuFUUboixVHu4mv3lHB5RejIa7toIlzTmwLkuCYYEpUBJjmy3OpXYyj5dVSZAXVbr4oeMSloE67Q=="
      },
      "Lib.Harmony.Thin": {
        "type": "Direct",
        "requested": "[2.3.3, )",
        "resolved": "2.3.3",
        "contentHash": "jsaFv7XnWJnyfyvFbkgIkZtV6tWMteNUcDK3idq+3LwPqpTFNxsOv2eKmj4qqP8QR8UynG1Y9AUaC/+dVruMHg==",
        "dependencies": {
          "MonoMod.Core": "1.1.0",
          "System.Text.Json": "8.0.1"
        }
      },
      "NLog": {
        "type": "Direct",
        "requested": "[5.3.4, )",
        "resolved": "5.3.4",
        "contentHash": "gLy7+O1hEYJXIlcTr1/VWjGXrZTQFZzYNO18IWasD64pNwz0BreV+nHLxWKXWZzERRzoKnsk2XYtwLkTVk7J1A=="
      },
      "SpaceEngineersDedicated.ReferenceAssemblies": {
        "type": "Direct",
        "requested": "[1.*, )",
        "resolved": "1.205.26",
        "contentHash": "kQSFCLgi0nFUhLvXlp9D2w4cTnXtEIctWtNlK+Vw4FAofws60rwR6Kil9YBNlaDyoo19dcyNt3bs4G9VculcIA==",
        "dependencies": {
          "SharpDX": "4.2.0-keen-cringe",
          "protobuf-net": "1.0.0"
        }
      },
      "Microsoft.Bcl.AsyncInterfaces": {
        "type": "Transitive",
        "resolved": "6.0.0",
        "contentHash": "UcSjPsst+DfAdJGVDsu346FX0ci0ah+lw3WRtn18NUwEqRt70HaOQ7lI72vy3+1LxtqI3T5GWwV39rQSrCzAeg=="
      },
      "Microsoft.CodeAnalysis.Analyzers": {
        "type": "Transitive",
        "resolved": "3.3.4",
        "contentHash": "AxkxcPR+rheX0SmvpLVIGLhOUXAKG56a64kV9VQZ4y9gR9ZmPXnqZvHJnmwLSwzrEP6junUF11vuc+aqo5r68g=="
      },
      "Microsoft.CodeAnalysis.Common": {
        "type": "Transitive",
        "resolved": "4.11.0",
        "contentHash": "djf8ujmqYImFgB04UGtcsEhHrzVqzHowS+EEl/Yunc5LdrYrZhGBWUTXoCF0NzYXJxtfuD+UVQarWpvrNc94Qg==",
        "dependencies": {
          "Microsoft.CodeAnalysis.Analyzers": "3.3.4",
          "System.Collections.Immutable": "8.0.0",
          "System.Reflection.Metadata": "8.0.0"
        }
      },
      "Mono.Cecil": {
        "type": "Transitive",
        "resolved": "0.11.5",
        "contentHash": "fxfX+0JGTZ8YQeu1MYjbBiK2CYTSzDyEeIixt+yqKKTn7FW8rv7JMY70qevup4ZJfD7Kk/VG/jDzQQTpfch87g=="
      },
      "MonoMod.Backports": {
        "type": "Transitive",
        "resolved": "1.1.0",
        "contentHash": "GUAjCrCZEddqHKHFA7Lh61PgTzoKY7gfBShFe0hQe0p8iynHhBK3TWGyRi+QIw/PGfaRPwx6c33CPGFURBVM6g==",
        "dependencies": {
          "MonoMod.ILHelpers": "1.0.1"
        }
      },
      "MonoMod.Core": {
        "type": "Transitive",
        "resolved": "1.1.0",
        "contentHash": "Ks8RntZGVcktr2QF/AovTEbuOkrgXz6omjrvT5LRveOIQJuy+IFuEQPBVWu+cSKVIoZD5XkpRFvlVrItgPIrXw==",
        "dependencies": {
          "Mono.Cecil": "0.11.5",
          "MonoMod.Backports": "1.1.0",
          "MonoMod.ILHelpers": "1.0.1",
          "MonoMod.Utils": "25.0.4"
        }
      },
      "MonoMod.ILHelpers": {
        "type": "Transitive",
        "resolved": "1.0.1",
        "contentHash": "6djj/Hz+/eTomo1H/sJEJNxBz2ZdhXjvH0MOmyU2xRtbjaIfBQuyVV0zNUbJhMY/8qoWrz7WXfskfFhdaY0afA=="
      },
      "MonoMod.Utils": {
        "type": "Transitive",
        "resolved": "25.0.4",
        "contentHash": "cB94MaZtFD9u4clYEFTwM4jGXnJnzXsxYF3yBpMZKHhXOas66tMF2frbdYte023i0MH4C5iRJbDjxHmA4x5VgA==",
        "dependencies": {
          "Mono.Cecil": "0.11.5",
          "MonoMod.Backports": "1.1.0",
          "MonoMod.ILHelpers": "1.0.1"
        }
      },
      "NuGet.Frameworks": {
        "type": "Transitive",
        "resolved": "6.11.1",
        "contentHash": "plTZ3ariSWQVsFn2mk83SsdmSg1VpgIMTSZpP/eSE/NNQF02p+M9ItxAYeUZBMX+cQ2nFkSwxQRJ0/fkaV9Hbg=="
      },
      "NuGet.Versioning": {
        "type": "Transitive",
        "resolved": "6.11.1",
        "contentHash": "YNn3BB71F+guJW42TbAhGcMh3gpyqFMZcPVD9pm5vcvGivTALtRely/VCPWQQ6JQ5PfwIrjPaJMO7VnqyeK3rg=="
      },
      "protobuf-net": {
        "type": "Transitive",
        "resolved": "1.0.0",
        "contentHash": "kTGOK0E87473sOImOjgZOnz3kTC2aMLffoRWQLYNuBLJnwNNmjanF9IkevZ9Q7yYLeABQfcF3BpeepuMntMVNw=="
      },
      "SharpDX": {
        "type": "Transitive",
        "resolved": "4.2.0-keen-cringe",
        "contentHash": "LaJN3h1Gi1FWVdef2I5WtOH9gwzKCBniH0CragarbkN2QheYY6Lqm+91PcOfp1w/4wdVb+k8Kjv3sO393Tphtw=="
      },
      "System.Buffers": {
        "type": "Transitive",
        "resolved": "4.5.1",
        "contentHash": "Rw7ijyl1qqRS0YQD/WycNst8hUUMgrMH4FCn1nNm27M4VxchZ1js3fVjQaANHO5f3sN4isvP4a+Met9Y4YomAg=="
      },
      "System.Collections.Immutable": {
        "type": "Transitive",
        "resolved": "8.0.0",
        "contentHash": "AurL6Y5BA1WotzlEvVaIDpqzpIPvYnnldxru8oXJU2yFxFUy3+pNXjXd1ymO+RA0rq0+590Q8gaz2l3Sr7fmqg=="
      },
      "System.Linq.Async": {
        "type": "Transitive",
        "resolved": "6.0.1",
        "contentHash": "0YhHcaroWpQ9UCot3Pizah7ryAzQhNvobLMSxeDIGmnXfkQn8u5owvpOH0K6EVB+z9L7u6Cc4W17Br/+jyttEQ==",
        "dependencies": {
          "Microsoft.Bcl.AsyncInterfaces": "6.0.0"
        }
      },
      "System.Numerics.Vectors": {
        "type": "Transitive",
        "resolved": "4.5.0",
        "contentHash": "QQTlPTl06J/iiDbJCiepZ4H//BVraReU4O4EoRw1U02H5TLUIT7xn3GnDp9AXPSlJUDyFs4uWjWafNX6WrAojQ=="
      },
      "System.Reflection.Metadata": {
        "type": "Transitive",
        "resolved": "8.0.0",
        "contentHash": "ptvgrFh7PvWI8bcVqG5rsA/weWM09EnthFHR5SCnS6IN+P4mj6rE1lBDC4U8HL9/57htKAqy4KQ3bBj84cfYyQ==",
        "dependencies": {
          "System.Collections.Immutable": "8.0.0"
        }
      },
      "System.Runtime.CompilerServices.Unsafe": {
        "type": "Transitive",
        "resolved": "6.0.0",
        "contentHash": "/iUeP3tq1S0XdNNoMz5C9twLSrM/TH+qElHkXWaPvuNOt+99G75NrV0OS2EqHx5wMN7popYjpc8oTjC1y16DLg=="
      },
      "System.Text.Encodings.Web": {
        "type": "Transitive",
        "resolved": "8.0.0",
        "contentHash": "yev/k9GHAEGx2Rg3/tU6MQh4HGBXJs70y7j1LaM1i/ER9po+6nnQ6RRqTJn1E7Xu0fbIFK80Nh5EoODxrbxwBQ=="
      },
      "System.Text.Json": {
        "type": "Transitive",
        "resolved": "8.0.1",
        "contentHash": "7AWk2za1hSEJBppe/Lg+uDcam2TrDqwIKa9XcPssSwyjC2xa39EKEGul3CO5RWNF+hMuZG4zlBDrvhBdDTg4lg==",
        "dependencies": {
          "System.Text.Encodings.Web": "8.0.0"
        }
      },
      "cringebootstrap.abstractions": {
        "type": "Project"
      },
      "nuget": {
        "type": "Project",
        "dependencies": {
          "NuGet.Frameworks": "[6.11.1, )",
          "NuGet.Versioning": "[6.11.1, )",
          "System.Linq.Async": "[6.0.1, )"
        }
      },
      "sharedcringe": {
        "type": "Project",
        "dependencies": {
          "CringeBootstrap.Abstractions": "[1.0.0, )",
          "NLog": "[5.3.4, )",
          "SpaceEngineersDedicated.ReferenceAssemblies": "[1.*, )"
        }
      }
    },
    "net8.0-windows7.0/win-x64": {
      "ImGui.NET.DirectX": {
        "type": "Direct",
        "requested": "[1.91.0.1, )",
        "resolved": "1.91.0.1",
        "contentHash": "PpW1gQ9g97h6Hm/h/tkSBOmsBYgGwN8wKNmlJomcQFD/zRY1HPkJZz18XRSfRLHPmH2eeh4hhhZv1KHug7dF9g==",
        "dependencies": {
          "System.Buffers": "4.5.1",
          "System.Numerics.Vectors": "4.5.0",
          "System.Runtime.CompilerServices.Unsafe": "6.0.0"
        }
      },
      "System.Text.Encodings.Web": {
        "type": "Transitive",
        "resolved": "8.0.0",
        "contentHash": "yev/k9GHAEGx2Rg3/tU6MQh4HGBXJs70y7j1LaM1i/ER9po+6nnQ6RRqTJn1E7Xu0fbIFK80Nh5EoODxrbxwBQ=="
      }
    }
  }
}