{
  "version": 1,
  "dependencies": {
    "net9.0-windows7.0": {
      "Basic.Reference.Assemblies.Net90": {
        "type": "Direct",
        "requested": "[1.8.3, )",
        "resolved": "1.8.3",
        "contentHash": "sZRH0NW/jdLTNq8X2/IVGIUVVE0JLKxwSp9GOwKzoHzt7BK5U7iRqG25ddSsggdABpvyz3ooQ4GkwQQ/Kn+z+g==",
        "dependencies": {
          "Microsoft.CodeAnalysis.Common": "4.11.0"
        }
      },
      "dnlib": {
        "type": "Direct",
        "requested": "[4.5.0, )",
        "resolved": "4.5.0",
        "contentHash": "YkwstIbjyiJ12uGIAN8oSmImgVFkPHit7MJXPHvJqeKV1DMNqxZWszjHfykgiSs4Y/XmjnZts7pI2/AYme5/uA=="
      },
      "ImGui.NET.DirectX": {
        "type": "Direct",
        "requested": "[1.92.1.5, )",
        "resolved": "1.92.1.5",
        "contentHash": "QkBfwenYOlr1Rdg33J6yMjFBTTF57eGfnMBHguU3lU2gpqs4/VUJjO7fQ5RG1arSxdc7aPqsbJhz0h2BFPTI+g=="
      },
      "JsonSchema.Net.Generation": {
        "type": "Direct",
        "requested": "[5.0.4, )",
        "resolved": "5.0.4",
        "contentHash": "VNcQd95tHbpWRvKjRfWOjFXHRPKH+zMBEmrgQCavsDZYI3+zMjCyKXTtOScI2dMbYllgYbVu9aH7JHgluE1lpA==",
        "dependencies": {
          "Humanizer.Core": "2.14.1",
          "JsonSchema.Net": "7.3.4"
        }
      },
      "Krafs.Publicizer": {
        "type": "Direct",
        "requested": "[2.3.0, )",
        "resolved": "2.3.0",
        "contentHash": "DjktTgctwxUMhMkWKrRECer3LR1lHzanCOlE4mpinAiY8SfWJq4DG/QitP5h1A+WBjyWHzQSOG+204i3VpO1FA=="
      },
      "Lib.Harmony.Thin": {
        "type": "Direct",
        "requested": "[2.3.4-torch, )",
        "resolved": "2.3.4-torch",
        "contentHash": "UnLUnLLiXfHZdKa1zhi6w8cl8tJTrpVixLtvjFEVtlDA6Rkf06OcZ2gSidcbcgKjTcR+fk5Qsdos3mU5oohzfg==",
        "dependencies": {
          "MonoMod.Core": "1.2.2"
        }
      },
      "Microsoft.Extensions.DependencyInjection.Abstractions": {
        "type": "Direct",
        "requested": "[9.0.7, )",
        "resolved": "9.0.7",
        "contentHash": "iPK1FxbGFr2Xb+4Y+dTYI8Gupu9pOi8I3JPuPsrogUmEhe2hzZ9LpCmolMEBhVDo2ikcSr7G5zYiwaapHSQTew=="
      },
      "Newtonsoft.Json": {
        "type": "Direct",
        "requested": "[13.0.3, )",
        "resolved": "13.0.3",
        "contentHash": "HrC5BXdl00IP9zeV+0Z848QWPAoCr9P3bDEZguI+gkLcBKAOxix/tLEAAHC+UvDNPv4a2d18lOReHMOagPa+zQ=="
      },
      "SpaceEngineersDedicated.ReferenceAssemblies": {
        "type": "Direct",
        "requested": "[1.206.32, )",
        "resolved": "1.206.32",
        "contentHash": "uFhkUUxmumct/turcfMeM2f+jJHxuiB6jAE4JMGa/AOFKCsWIr+ZWTX9hW2muEoJpUNKrzCbGrxH8ssaJUZpig==",
        "dependencies": {
          "SharpDX": "4.2.0-keen-cringe",
          "protobuf-net": "1.0.0"
        }
      },
      "Steamworks.NET": {
        "type": "Direct",
        "requested": "[20.1.0, 20.1.0]",
        "resolved": "20.1.0",
        "contentHash": "+GntwnyJ5tCNvUIaQxv2+ehDvZJzGUqlSB5xRBk1hTj1qqBJ6s4vK/OfGD/jae7aTmXiGSm8wpJORosNtQevJQ=="
      },
      "Humanizer.Core": {
        "type": "Transitive",
        "resolved": "2.14.1",
        "contentHash": "lQKvtaTDOXnoVJ20ibTuSIOf2i0uO0MPbDhd1jm238I+U/2ZnRENj0cktKZhtchBMtCUSRQ5v4xBCUbKNmyVMw=="
      },
      "Json.More.Net": {
        "type": "Transitive",
        "resolved": "2.1.1",
        "contentHash": "ZXAKl2VsdnIZeUo1PFII3Oi1m1L4YQjEyDjygHfHln5vgsjgIo749X6xWkv7qFYp8RROES+vOEfDcvvoVgs8kA=="
      },
      "JsonPointer.Net": {
        "type": "Transitive",
        "resolved": "5.3.1",
        "contentHash": "3e2OJjU0OaE26XC/klgxbJuXvteFWTDJIJv0ITYWcJEoskq7jzUwPSC1s0iz4wPPQnfN7vwwFmg2gJfwRAPwgw==",
        "dependencies": {
          "Humanizer.Core": "2.14.1",
          "Json.More.Net": "2.1.1"
        }
      },
      "JsonSchema.Net": {
        "type": "Transitive",
        "resolved": "7.3.4",
        "contentHash": "7GggWrdzKrtGWETRn3dcMnmuLSyWaDkBK94TK80LEHQEVz4bmsQc7FYO7qL40RDdZU2YPz5d98aT9lW5OYExuA==",
        "dependencies": {
          "JsonPointer.Net": "5.3.1"
        }
      },
      "Microsoft.CodeAnalysis.Analyzers": {
        "type": "Transitive",
        "resolved": "3.3.4",
        "contentHash": "AxkxcPR+rheX0SmvpLVIGLhOUXAKG56a64kV9VQZ4y9gR9ZmPXnqZvHJnmwLSwzrEP6junUF11vuc+aqo5r68g=="
      },
      "Microsoft.CodeAnalysis.Common": {
        "type": "Transitive",
        "resolved": "4.11.0",
        "contentHash": "djf8ujmqYImFgB04UGtcsEhHrzVqzHowS+EEl/Yunc5LdrYrZhGBWUTXoCF0NzYXJxtfuD+UVQarWpvrNc94Qg==",
        "dependencies": {
          "Microsoft.CodeAnalysis.Analyzers": "3.3.4"
        }
      },
      "Mono.Cecil": {
        "type": "Transitive",
        "resolved": "0.11.5",
        "contentHash": "fxfX+0JGTZ8YQeu1MYjbBiK2CYTSzDyEeIixt+yqKKTn7FW8rv7JMY70qevup4ZJfD7Kk/VG/jDzQQTpfch87g=="
      },
      "MonoMod.Backports": {
        "type": "Transitive",
        "resolved": "1.1.2",
        "contentHash": "baYlNy8n8kmaNhNvqmZ/dIPOeO1r9//dG1i2WbunMWtWZ2EKtIgmXaS+ZzphzTsikkGnoD4Jwr5g0TVdpDjgpw==",
        "dependencies": {
          "MonoMod.ILHelpers": "1.1.0"
        }
      },
      "MonoMod.Core": {
        "type": "Transitive",
        "resolved": "1.2.2",
        "contentHash": "3R9mQ7TxeQQBFLtGTR2VIDSBGx/I7d8RYpxvW1Mot0/PB6+UOnHr+lkw7dj8cus8YSnLdCFT+CG4JW89daEvjg==",
        "dependencies": {
          "Mono.Cecil": "0.11.5",
          "MonoMod.Backports": "1.1.2",
          "MonoMod.ILHelpers": "1.1.0",
          "MonoMod.Utils": "25.0.8"
        }
      },
      "MonoMod.ILHelpers": {
        "type": "Transitive",
        "resolved": "1.1.0",
        "contentHash": "L2FWjhTrv7tcIxshfZ+M3OcaNr4cNw0IwiVZEgwqRnZ5QAN3+RrNJ8ZwCzwXUWyPDqooJxMcjjg8PsSYUiNBjQ=="
      },
      "MonoMod.Utils": {
        "type": "Transitive",
        "resolved": "25.0.8",
        "contentHash": "8wfyawgvGqUvfchAj7/gPazAjXO8CWNyXH+C0az+hgJH/80zVL5LxDhQMz0NQTyoCEJWU6gNBGc7CL+G7vCbaQ==",
        "dependencies": {
          "Mono.Cecil": "0.11.5",
          "MonoMod.Backports": "1.1.2",
          "MonoMod.ILHelpers": "1.1.0"
        }
      },
      "NLog": {
        "type": "Transitive",
        "resolved": "6.0.2",
        "contentHash": "kfjfjcjh/hHXLJ0TbEUH6ajb2jQFmwk/23nyYW9iPZ6cj5769SyeDTbUwGI7LSVUk5iTRJoC6CTKKmWrXK79oA=="
      },
      "NuGet.Frameworks": {
        "type": "Transitive",
        "resolved": "6.14.0",
        "contentHash": "xZ37J58DQAkVUX29qoMwla26iBYRScdcfSGNe1FIZjCX1tpafN9n7TinrkRxaJqYzW0D8Ob8a3eRSYhwEUauCA=="
      },
      "NuGet.Versioning": {
        "type": "Transitive",
        "resolved": "6.14.0",
        "contentHash": "4v4blkhCv8mpKtfx+z0G/X0daVCzdIaHSC51GkUspugi5JIMn2Bo8xm5PdZYF0U68gOBfz/+aPWMnpRd85Jbow=="
      },
      "protobuf-net": {
        "type": "Transitive",
        "resolved": "1.0.0",
        "contentHash": "kTGOK0E87473sOImOjgZOnz3kTC2aMLffoRWQLYNuBLJnwNNmjanF9IkevZ9Q7yYLeABQfcF3BpeepuMntMVNw=="
      },
      "SharpDX": {
        "type": "Transitive",
        "resolved": "4.2.0-keen-cringe",
        "contentHash": "LaJN3h1Gi1FWVdef2I5WtOH9gwzKCBniH0CragarbkN2QheYY6Lqm+91PcOfp1w/4wdVb+k8Kjv3sO393Tphtw=="
      },
      "System.Linq.Async": {
        "type": "Transitive",
        "resolved": "6.0.3",
        "contentHash": "hSHiq2m1ky7zUQgTp+/2h1K3lABIQ+GltRixoclHPg/Sc1vnfeS6g/Uy5moOVZKrZJdQiFPFZd6OobBp3tZcFg=="
      },
      "cringebootstrap.abstractions": {
        "type": "Project"
      },
      "nuget": {
        "type": "Project",
        "dependencies": {
          "NLog": "[6.0.2, )",
          "NuGet.Frameworks": "[6.14.0, )",
          "NuGet.Versioning": "[6.14.0, )",
          "System.Linq.Async": "[6.0.3, )"
        }
      },
      "sharedcringe": {
        "type": "Project",
        "dependencies": {
          "CringeBootstrap.Abstractions": "[1.0.0, )",
          "NLog": "[6.0.2, )",
          "SpaceEngineersDedicated.ReferenceAssemblies": "[1.206.32, )"
        }
      }
    },
    "net9.0-windows7.0/win-x64": {
      "ImGui.NET.DirectX": {
        "type": "Direct",
        "requested": "[1.92.1.5, )",
        "resolved": "1.92.1.5",
        "contentHash": "QkBfwenYOlr1Rdg33J6yMjFBTTF57eGfnMBHguU3lU2gpqs4/VUJjO7fQ5RG1arSxdc7aPqsbJhz0h2BFPTI+g=="
      },
      "Steamworks.NET": {
        "type": "Direct",
        "requested": "[20.1.0, 20.1.0]",
        "resolved": "20.1.0",
        "contentHash": "+GntwnyJ5tCNvUIaQxv2+ehDvZJzGUqlSB5xRBk1hTj1qqBJ6s4vK/OfGD/jae7aTmXiGSm8wpJORosNtQevJQ=="
      }
    }
  }
}